// !$*UTF8*$!
{
	archiveVersion = 1;
	classes = {
	};
	objectVersion = 77;
	objects = {

/* Begin PBXBuildFile section */
		0F8238C32E5D4522B12A5A63 /* Features in Frameworks */ = {isa = PBXBuildFile; productRef = 343FF56D1BB189812BCE6570 /* Features */; };
		24390C40CB1295808B46D3E1 /* Persistence in Frameworks */ = {isa = PBXBuildFile; productRef = 99ACCA75E0D9F3EF3BEE3FE3 /* Persistence */; };
		2563CAF79E46E046AC55EAA3 /* ExportOptions.plist in Resources */ = {isa = PBXBuildFile; fileRef = 7BE72D4E4B57B067026EDF50 /* ExportOptions.plist */; };
		29E858C84E7AEE6E43A4EDE5 /* DesignSystem in Frameworks */ = {isa = PBXBuildFile; productRef = F0A6E6DBC7123167E6DB1839 /* DesignSystem */; };
		2B15D4D6B335AE12AD30304E /* Networking in Frameworks */ = {isa = PBXBuildFile; productRef = C51E21B9EC2D095EA6F051F4 /* Networking */; };
		32921E3D6F3A66D1C071D9A9 /* Assets.xcassets in Resources */ = {isa = PBXBuildFile; fileRef = E7F054B4B057295DD3C3E1C8 /* Assets.xcassets */; };
		35ED29AEFF58E024E574B5E8 /* Auth in Frameworks */ = {isa = PBXBuildFile; productRef = 48324105834888F6612D76C9 /* Auth */; };
		3B0E05CD5580ACE664D584CF /* Features in Frameworks */ = {isa = PBXBuildFile; productRef = FDFB0E9C09FBD7AD0864BB18 /* Features */; };
		45F4DF14CB4B088941C2ADC6 /* Networking in Frameworks */ = {isa = PBXBuildFile; productRef = D0E9269EA55640ACE5A0B707 /* Networking */; };
		497B600CC67B93D532BA8E9E /* SynnapseiOSApp.swift in Sources */ = {isa = PBXBuildFile; fileRef = 084AB5A5C770B02798D903A3 /* SynnapseiOSApp.swift */; };
		60AD4B43B8C004A26DD0F792 /* FinanceHubView.swift in Sources */ = {isa = PBXBuildFile; fileRef = 0D7A46127C27FAF236E7E0FF /* FinanceHubView.swift */; };
		6368896E57A87F52414DB81F /* AccountDetailView.swift in Sources */ = {isa = PBXBuildFile; fileRef = DF8E04278EAA81E93B14977A /* AccountDetailView.swift */; };
		63911B6A3AB7CBC176DBF174 /* MoreTab.swift in Sources */ = {isa = PBXBuildFile; fileRef = 2B5AB112C13B935B79863AEC /* MoreTab.swift */; };
		7AB75C160144E6C5B8F51FF3 /* RootView.swift in Sources */ = {isa = PBXBuildFile; fileRef = 6C66AC7FFF36359433613719 /* RootView.swift */; };
		7DC2CFA818A5FC605A9C08DC /* TransactionDetailView.swift in Sources */ = {isa = PBXBuildFile; fileRef = 946FB557D2D570F7EF53D7F2 /* TransactionDetailView.swift */; };
		800156F2ECEF90143B339967 /* Auth in Frameworks */ = {isa = PBXBuildFile; productRef = D63ADC8599C9925F115635D3 /* Auth */; };
		8071B12BDECB860F9DDA5596 /* Models in Frameworks */ = {isa = PBXBuildFile; productRef = 8344322764BA889BBAFC6EB0 /* Models */; };
		85A2E5413387A3E4BFE10C52 /* FinanceShellView.swift in Sources */ = {isa = PBXBuildFile; fileRef = 264A38AA058647E25DCD0355 /* FinanceShellView.swift */; };
		93F96479F13C4C2DFC2A9C6F /* PositionDetailView.swift in Sources */ = {isa = PBXBuildFile; fileRef = 42C247BEA16054F7942A32B4 /* PositionDetailView.swift */; };
		A6CA98233ADF3770265A45CB /* AppLifecycle in Frameworks */ = {isa = PBXBuildFile; productRef = B18721D683FD5D14EE68C5F6 /* AppLifecycle */; };
		A8C479987B6ADC15773B0B59 /* RootView.swift in Sources */ = {isa = PBXBuildFile; fileRef = 6C66AC7FFF36359433613719 /* RootView.swift */; };
		AC673CEFF1BB0FB9043B25C8 /* Persistence in Frameworks */ = {isa = PBXBuildFile; productRef = 9E868C2E613FBCA741EF4327 /* Persistence */; };
		ADC29F5DA2E88B8734BE992A /* Models in Frameworks */ = {isa = PBXBuildFile; productRef = 93937D43A0DE861B9979ED99 /* Models */; };
		B0095C350B43348904054BF7 /* PrivacyInfo.xcprivacy in Resources */ = {isa = PBXBuildFile; fileRef = 62C50A887E083E5853794EFD /* PrivacyInfo.xcprivacy */; };
		B3E4EF88A2E78159A6B5EBA9 /* ExportOptions.plist in Resources */ = {isa = PBXBuildFile; fileRef = 287CEBA7E3EBF7BBCB955218 /* ExportOptions.plist */; };
		B955CF502E2F4D156D5B0E38 /* CopilotShellMac.swift in Sources */ = {isa = PBXBuildFile; fileRef = E41504EF7BEC79AD9A79DA11 /* CopilotShellMac.swift */; };
		C32ECF3D63E4E0EB3DB9586A /* SynnapseMacApp.swift in Sources */ = {isa = PBXBuildFile; fileRef = 3C70A7CD44A5F62A2D14C995 /* SynnapseMacApp.swift */; };
		C955A1666AD07E21796B42DD /* Assets.xcassets in Resources */ = {isa = PBXBuildFile; fileRef = 5085850B5103E8CD1A5D86C7 /* Assets.xcassets */; };
		CAEB9E43C7D027B7888EBF67 /* Haptics.swift in Sources */ = {isa = PBXBuildFile; fileRef = F187A35D3CEA82B2E385A7F0 /* Haptics.swift */; };
		CEC869AE47EE3F213990C361 /* DesignSystem in Frameworks */ = {isa = PBXBuildFile; productRef = 60A84DD6EADA5FBDC5411AD1 /* DesignSystem */; };
		DB13E2F975DB6609DAF8C217 /* AppLifecycle in Frameworks */ = {isa = PBXBuildFile; productRef = DE00E3985CE8BFC656951EE0 /* AppLifecycle */; };
		E3BF8D83C5245AAFF70F0F31 /* PrivacyInfo.xcprivacy in Resources */ = {isa = PBXBuildFile; fileRef = AF01E79EDCB3845E29196D56 /* PrivacyInfo.xcprivacy */; };
		E5AA85BE8A0CFB7DCE08F6C9 /* CopilotSidebarAccounts.swift in Sources */ = {isa = PBXBuildFile; fileRef = 864FFE8C705EDA9C78C9F873 /* CopilotSidebarAccounts.swift */; };
/* End PBXBuildFile section */

/* Begin PBXFileReference section */
		084AB5A5C770B02798D903A3 /* SynnapseiOSApp.swift */ = {isa = PBXFileReference; lastKnownFileType = sourcecode.swift; path = SynnapseiOSApp.swift; sourceTree = "<group>"; };
		0D7A46127C27FAF236E7E0FF /* FinanceHubView.swift */ = {isa = PBXFileReference; lastKnownFileType = sourcecode.swift; path = FinanceHubView.swift; sourceTree = "<group>"; };
		1E24156155FA9F2803999B8F /* SynnapseiOS.app */ = {isa = PBXFileReference; includeInIndex = 0; lastKnownFileType = wrapper.application; path = SynnapseiOS.app; sourceTree = BUILT_PRODUCTS_DIR; };
		264A38AA058647E25DCD0355 /* FinanceShellView.swift */ = {isa = PBXFileReference; lastKnownFileType = sourcecode.swift; path = FinanceShellView.swift; sourceTree = "<group>"; };
		287CEBA7E3EBF7BBCB955218 /* ExportOptions.plist */ = {isa = PBXFileReference; lastKnownFileType = text.plist; path = ExportOptions.plist; sourceTree = "<group>"; };
		2B5AB112C13B935B79863AEC /* MoreTab.swift */ = {isa = PBXFileReference; lastKnownFileType = sourcecode.swift; path = MoreTab.swift; sourceTree = "<group>"; };
		3C70A7CD44A5F62A2D14C995 /* SynnapseMacApp.swift */ = {isa = PBXFileReference; lastKnownFileType = sourcecode.swift; path = SynnapseMacApp.swift; sourceTree = "<group>"; };
		42C247BEA16054F7942A32B4 /* PositionDetailView.swift */ = {isa = PBXFileReference; lastKnownFileType = sourcecode.swift; path = PositionDetailView.swift; sourceTree = "<group>"; };
		5085850B5103E8CD1A5D86C7 /* Assets.xcassets */ = {isa = PBXFileReference; lastKnownFileType = folder.assetcatalog; path = Assets.xcassets; sourceTree = "<group>"; };
		62C50A887E083E5853794EFD /* PrivacyInfo.xcprivacy */ = {isa = PBXFileReference; path = PrivacyInfo.xcprivacy; sourceTree = "<group>"; };
		660C10623B8263E3B14A24B0 /* Synnapse-macOS.entitlements */ = {isa = PBXFileReference; lastKnownFileType = text.plist.entitlements; path = "Synnapse-macOS.entitlements"; sourceTree = "<group>"; };
		6C66AC7FFF36359433613719 /* RootView.swift */ = {isa = PBXFileReference; lastKnownFileType = sourcecode.swift; path = RootView.swift; sourceTree = "<group>"; };
		6F2A45A32A29942F0FFFD9F2 /* SynnapseKit */ = {isa = PBXFileReference; lastKnownFileType = folder; name = SynnapseKit; path = packages/SynnapseKit; sourceTree = SOURCE_ROOT; };
		7BE72D4E4B57B067026EDF50 /* ExportOptions.plist */ = {isa = PBXFileReference; lastKnownFileType = text.plist; path = ExportOptions.plist; sourceTree = "<group>"; };
		864FFE8C705EDA9C78C9F873 /* CopilotSidebarAccounts.swift */ = {isa = PBXFileReference; lastKnownFileType = sourcecode.swift; path = CopilotSidebarAccounts.swift; sourceTree = "<group>"; };
		946FB557D2D570F7EF53D7F2 /* TransactionDetailView.swift */ = {isa = PBXFileReference; lastKnownFileType = sourcecode.swift; path = TransactionDetailView.swift; sourceTree = "<group>"; };
		AF01E79EDCB3845E29196D56 /* PrivacyInfo.xcprivacy */ = {isa = PBXFileReference; path = PrivacyInfo.xcprivacy; sourceTree = "<group>"; };
		CB9EF5D27AA78C9B713BA1A2 /* Synnapse-iOS.entitlements */ = {isa = PBXFileReference; lastKnownFileType = text.plist.entitlements; path = "Synnapse-iOS.entitlements"; sourceTree = "<group>"; };
		D09FCDB1C31D38468D45B04A /* Info.plist */ = {isa = PBXFileReference; lastKnownFileType = text.plist; path = Info.plist; sourceTree = "<group>"; };
		DF8E04278EAA81E93B14977A /* AccountDetailView.swift */ = {isa = PBXFileReference; lastKnownFileType = sourcecode.swift; path = AccountDetailView.swift; sourceTree = "<group>"; };
		E41504EF7BEC79AD9A79DA11 /* CopilotShellMac.swift */ = {isa = PBXFileReference; lastKnownFileType = sourcecode.swift; path = CopilotShellMac.swift; sourceTree = "<group>"; };
		E579C4776B7EFC22D327B488 /* SynnapseMac.app */ = {isa = PBXFileReference; explicitFileType = wrapper.application; includeInIndex = 0; path = SynnapseMac.app; sourceTree = BUILT_PRODUCTS_DIR; };
		E7F054B4B057295DD3C3E1C8 /* Assets.xcassets */ = {isa = PBXFileReference; lastKnownFileType = folder.assetcatalog; path = Assets.xcassets; sourceTree = "<group>"; };
		F187A35D3CEA82B2E385A7F0 /* Haptics.swift */ = {isa = PBXFileReference; lastKnownFileType = sourcecode.swift; path = Haptics.swift; sourceTree = "<group>"; };
/* End PBXFileReference section */

/* Begin PBXFrameworksBuildPhase section */
		0C7550BBD574186446B8D249 /* Frameworks */ = {
			isa = PBXFrameworksBuildPhase;
			buildActionMask = 2147483647;
			files = (
				CEC869AE47EE3F213990C361 /* DesignSystem in Frameworks */,
				2B15D4D6B335AE12AD30304E /* Networking in Frameworks */,
				35ED29AEFF58E024E574B5E8 /* Auth in Frameworks */,
				8071B12BDECB860F9DDA5596 /* Models in Frameworks */,
				24390C40CB1295808B46D3E1 /* Persistence in Frameworks */,
				0F8238C32E5D4522B12A5A63 /* Features in Frameworks */,
				A6CA98233ADF3770265A45CB /* AppLifecycle in Frameworks */,
			);
			runOnlyForDeploymentPostprocessing = 0;
		};
		4CDDD9AD5F5F9CC4BDC0379A /* Frameworks */ = {
			isa = PBXFrameworksBuildPhase;
			buildActionMask = 2147483647;
			files = (
				29E858C84E7AEE6E43A4EDE5 /* DesignSystem in Frameworks */,
				45F4DF14CB4B088941C2ADC6 /* Networking in Frameworks */,
				800156F2ECEF90143B339967 /* Auth in Frameworks */,
				ADC29F5DA2E88B8734BE992A /* Models in Frameworks */,
				AC673CEFF1BB0FB9043B25C8 /* Persistence in Frameworks */,
				3B0E05CD5580ACE664D584CF /* Features in Frameworks */,
				DB13E2F975DB6609DAF8C217 /* AppLifecycle in Frameworks */,
			);
			runOnlyForDeploymentPostprocessing = 0;
		};
/* End PBXFrameworksBuildPhase section */

/* Begin PBXGroup section */
		333662251F27E13C72BC6E3F /* apps */ = {
			isa = PBXGroup;
			children = (
				CD00DDAFA199077D0D1626F4 /* Shared */,
				F894EA949EE70BCFECC279A2 /* Synnapse-iOS */,
				6F156086104B2277403D48BC /* Synnapse-macOS */,
			);
			path = apps;
			sourceTree = "<group>";
		};
		392EE3F26E0AEF6173E902EF /* Packages */ = {
			isa = PBXGroup;
			children = (
				6F2A45A32A29942F0FFFD9F2 /* SynnapseKit */,
			);
			path = Packages;
			sourceTree = "<group>";
		};
		51E4DEA129D3FB0163673049 = {
			isa = PBXGroup;
			children = (
				333662251F27E13C72BC6E3F /* apps */,
				392EE3F26E0AEF6173E902EF /* Packages */,
				C190828635C01A42487371BB /* Products */,
			);
			sourceTree = "<group>";
		};
		54E3B1E9E9AAD97E134EC167 /* Features */ = {
			isa = PBXGroup;
			children = (
				DF8E04278EAA81E93B14977A /* AccountDetailView.swift */,
				0D7A46127C27FAF236E7E0FF /* FinanceHubView.swift */,
				F187A35D3CEA82B2E385A7F0 /* Haptics.swift */,
				2B5AB112C13B935B79863AEC /* MoreTab.swift */,
				42C247BEA16054F7942A32B4 /* PositionDetailView.swift */,
				946FB557D2D570F7EF53D7F2 /* TransactionDetailView.swift */,
			);
			path = Features;
			sourceTree = "<group>";
		};
		6F156086104B2277403D48BC /* Synnapse-macOS */ = {
			isa = PBXGroup;
			children = (
				5085850B5103E8CD1A5D86C7 /* Assets.xcassets */,
				E41504EF7BEC79AD9A79DA11 /* CopilotShellMac.swift */,
				864FFE8C705EDA9C78C9F873 /* CopilotSidebarAccounts.swift */,
				287CEBA7E3EBF7BBCB955218 /* ExportOptions.plist */,
				264A38AA058647E25DCD0355 /* FinanceShellView.swift */,
				62C50A887E083E5853794EFD /* PrivacyInfo.xcprivacy */,
				660C10623B8263E3B14A24B0 /* Synnapse-macOS.entitlements */,
				3C70A7CD44A5F62A2D14C995 /* SynnapseMacApp.swift */,
			);
			path = "Synnapse-macOS";
			sourceTree = "<group>";
		};
		C190828635C01A42487371BB /* Products */ = {
			isa = PBXGroup;
			children = (
				1E24156155FA9F2803999B8F /* SynnapseiOS.app */,
				E579C4776B7EFC22D327B488 /* SynnapseMac.app */,
			);
			name = Products;
			sourceTree = "<group>";
		};
		CD00DDAFA199077D0D1626F4 /* Shared */ = {
			isa = PBXGroup;
			children = (
				6C66AC7FFF36359433613719 /* RootView.swift */,
			);
			path = Shared;
			sourceTree = "<group>";
		};
		F894EA949EE70BCFECC279A2 /* Synnapse-iOS */ = {
			isa = PBXGroup;
			children = (
				E7F054B4B057295DD3C3E1C8 /* Assets.xcassets */,
				7BE72D4E4B57B067026EDF50 /* ExportOptions.plist */,
				D09FCDB1C31D38468D45B04A /* Info.plist */,
				AF01E79EDCB3845E29196D56 /* PrivacyInfo.xcprivacy */,
				CB9EF5D27AA78C9B713BA1A2 /* Synnapse-iOS.entitlements */,
				084AB5A5C770B02798D903A3 /* SynnapseiOSApp.swift */,
				54E3B1E9E9AAD97E134EC167 /* Features */,
			);
			path = "Synnapse-iOS";
			sourceTree = "<group>";
		};
/* End PBXGroup section */

/* Begin PBXNativeTarget section */
		63D0D64918A9F4B26F27F24E /* SynnapseMac */ = {
			isa = PBXNativeTarget;
			buildConfigurationList = 1209E80289E95EA781F6EC78 /* Build configuration list for PBXNativeTarget "SynnapseMac" */;
			buildPhases = (
				65E86C7C70BAD1E8185C8C0C /* Sources */,
				E87259D245585C3ECF75233A /* Resources */,
				0C7550BBD574186446B8D249 /* Frameworks */,
			);
			buildRules = (
			);
			dependencies = (
			);
			name = SynnapseMac;
			packageProductDependencies = (
				60A84DD6EADA5FBDC5411AD1 /* DesignSystem */,
				C51E21B9EC2D095EA6F051F4 /* Networking */,
				48324105834888F6612D76C9 /* Auth */,
				8344322764BA889BBAFC6EB0 /* Models */,
				99ACCA75E0D9F3EF3BEE3FE3 /* Persistence */,
				343FF56D1BB189812BCE6570 /* Features */,
				B18721D683FD5D14EE68C5F6 /* AppLifecycle */,
			);
			productName = SynnapseMac;
			productReference = E579C4776B7EFC22D327B488 /* SynnapseMac.app */;
			productType = "com.apple.product-type.application";
		};
		8687422F0D83BE796593FAD1 /* SynnapseiOS */ = {
			isa = PBXNativeTarget;
			buildConfigurationList = D6BB2C4CF499FDC7DA34EC64 /* Build configuration list for PBXNativeTarget "SynnapseiOS" */;
			buildPhases = (
				87364B04EFF095C138DBC562 /* Sources */,
				410F33F01FD33B4195C9A558 /* Resources */,
				4CDDD9AD5F5F9CC4BDC0379A /* Frameworks */,
			);
			buildRules = (
			);
			dependencies = (
			);
			name = SynnapseiOS;
			packageProductDependencies = (
				F0A6E6DBC7123167E6DB1839 /* DesignSystem */,
				D0E9269EA55640ACE5A0B707 /* Networking */,
				D63ADC8599C9925F115635D3 /* Auth */,
				93937D43A0DE861B9979ED99 /* Models */,
				9E868C2E613FBCA741EF4327 /* Persistence */,
				FDFB0E9C09FBD7AD0864BB18 /* Features */,
				DE00E3985CE8BFC656951EE0 /* AppLifecycle */,
			);
			productName = SynnapseiOS;
			productReference = 1E24156155FA9F2803999B8F /* SynnapseiOS.app */;
			productType = "com.apple.product-type.application";
		};
/* End PBXNativeTarget section */

/* Begin PBXProject section */
		29BB8A9A443F8B26D7635DCC /* Project object */ = {
			isa = PBXProject;
			attributes = {
				BuildIndependentTargetsInParallel = YES;
				LastUpgradeCheck = 1430;
				TargetAttributes = {
					63D0D64918A9F4B26F27F24E = {
						DevelopmentTeam = WCGJPF9TWU;
						ProvisioningStyle = Automatic;
					};
					8687422F0D83BE796593FAD1 = {
						DevelopmentTeam = WCGJPF9TWU;
						ProvisioningStyle = Automatic;
					};
				};
			};
			buildConfigurationList = A2BADE9B14D83237E5E4C04D /* Build configuration list for PBXProject "Synnapse" */;
			developmentRegion = en;
			hasScannedForEncodings = 0;
			knownRegions = (
				Base,
				en,
			);
			mainGroup = 51E4DEA129D3FB0163673049;
			minimizedProjectReferenceProxies = 1;
			packageReferences = (
				D42487F0035A9B02FBAF6E83 /* XCLocalSwiftPackageReference "packages/SynnapseKit" */,
			);
			preferredProjectObjectVersion = 77;
			productRefGroup = C190828635C01A42487371BB /* Products */;
			projectDirPath = "";
			projectRoot = "";
			targets = (
				63D0D64918A9F4B26F27F24E /* SynnapseMac */,
				8687422F0D83BE796593FAD1 /* SynnapseiOS */,
			);
		};
/* End PBXProject section */

/* Begin PBXResourcesBuildPhase section */
		410F33F01FD33B4195C9A558 /* Resources */ = {
			isa = PBXResourcesBuildPhase;
			buildActionMask = 2147483647;
			files = (
				32921E3D6F3A66D1C071D9A9 /* Assets.xcassets in Resources */,
				2563CAF79E46E046AC55EAA3 /* ExportOptions.plist in Resources */,
				E3BF8D83C5245AAFF70F0F31 /* PrivacyInfo.xcprivacy in Resources */,
			);
			runOnlyForDeploymentPostprocessing = 0;
		};
		E87259D245585C3ECF75233A /* Resources */ = {
			isa = PBXResourcesBuildPhase;
			buildActionMask = 2147483647;
			files = (
				C955A1666AD07E21796B42DD /* Assets.xcassets in Resources */,
				B3E4EF88A2E78159A6B5EBA9 /* ExportOptions.plist in Resources */,
				B0095C350B43348904054BF7 /* PrivacyInfo.xcprivacy in Resources */,
			);
			runOnlyForDeploymentPostprocessing = 0;
		};
/* End PBXResourcesBuildPhase section */

/* Begin PBXSourcesBuildPhase section */
		65E86C7C70BAD1E8185C8C0C /* Sources */ = {
			isa = PBXSourcesBuildPhase;
			buildActionMask = 2147483647;
			files = (
				B955CF502E2F4D156D5B0E38 /* CopilotShellMac.swift in Sources */,
				E5AA85BE8A0CFB7DCE08F6C9 /* CopilotSidebarAccounts.swift in Sources */,
				85A2E5413387A3E4BFE10C52 /* FinanceShellView.swift in Sources */,
				A8C479987B6ADC15773B0B59 /* RootView.swift in Sources */,
				C32ECF3D63E4E0EB3DB9586A /* SynnapseMacApp.swift in Sources */,
			);
			runOnlyForDeploymentPostprocessing = 0;
		};
		87364B04EFF095C138DBC562 /* Sources */ = {
			isa = PBXSourcesBuildPhase;
			buildActionMask = 2147483647;
			files = (
				6368896E57A87F52414DB81F /* AccountDetailView.swift in Sources */,
				60AD4B43B8C004A26DD0F792 /* FinanceHubView.swift in Sources */,
				CAEB9E43C7D027B7888EBF67 /* Haptics.swift in Sources */,
				63911B6A3AB7CBC176DBF174 /* MoreTab.swift in Sources */,
				93F96479F13C4C2DFC2A9C6F /* PositionDetailView.swift in Sources */,
				7AB75C160144E6C5B8F51FF3 /* RootView.swift in Sources */,
				497B600CC67B93D532BA8E9E /* SynnapseiOSApp.swift in Sources */,
				7DC2CFA818A5FC605A9C08DC /* TransactionDetailView.swift in Sources */,
			);
			runOnlyForDeploymentPostprocessing = 0;
		};
/* End PBXSourcesBuildPhase section */

/* Begin XCBuildConfiguration section */
		04BBF5270BE6EA393564E48C /* Debug */ = {
			isa = XCBuildConfiguration;
			buildSettings = {
				ASSETCATALOG_COMPILER_APPICON_NAME = AppIcon;
				CODE_SIGN_ENTITLEMENTS = "apps/Synnapse-macOS/Synnapse-macOS.entitlements";
				CODE_SIGN_STYLE = Automatic;
				COMBINE_HIDPI_IMAGES = YES;
				CURRENT_PROJECT_VERSION = 1;
				DEVELOPMENT_TEAM = WCGJPF9TWU;
				ENABLE_HARDENED_RUNTIME = YES;
				GENERATE_INFOPLIST_FILE = YES;
				INFOPLIST_KEY_CFBundleDisplayName = Synapse;
				INFOPLIST_KEY_CFBundleName = Synapse;
				INFOPLIST_KEY_ITSAppUsesNonExemptEncryption = NO;
				INFOPLIST_KEY_LSApplicationCategoryType = "public.app-category.finance";
				INFOPLIST_KEY_NSFaceIDUsageDescription = "Synapse uses Touch ID to unlock your financial data so only you can see it.";
				INFOPLIST_KEY_NSHumanReadableCopyright = "(c) 2026 Antonio Mastropaolo";
				LD_RUNPATH_SEARCH_PATHS = (
					"$(inherited)",
					"@executable_path/../Frameworks",
				);
				MACOSX_DEPLOYMENT_TARGET = 14.0;
				MARKETING_VERSION = 0.1.0;
				PRODUCT_BUNDLE_IDENTIFIER = tech.synnapse.mac;
				SDKROOT = macosx;
				SWIFT_STRICT_CONCURRENCY = complete;
				SWIFT_VERSION = 6.0;
			};
			name = Debug;
		};
		0810B7098565B3596B631B9A /* Release */ = {
			isa = XCBuildConfiguration;
			buildSettings = {
				ASSETCATALOG_COMPILER_APPICON_NAME = AppIcon;
				CODE_SIGN_ENTITLEMENTS = "apps/Synnapse-iOS/Synnapse-iOS.entitlements";
				CODE_SIGN_IDENTITY = "iPhone Developer";
				CODE_SIGN_STYLE = Automatic;
				CURRENT_PROJECT_VERSION = 1;
				DEVELOPMENT_TEAM = WCGJPF9TWU;
				INFOPLIST_FILE = "apps/Synnapse-iOS/Info.plist";
				INFOPLIST_KEY_CFBundleDisplayName = Synapse;
				INFOPLIST_KEY_CFBundleName = Synapse;
				INFOPLIST_KEY_NSHumanReadableCopyright = "(c) 2026 Antonio Mastropaolo";
				INFOPLIST_KEY_UIRequiresFullScreen = NO;
				IPHONEOS_DEPLOYMENT_TARGET = 17.0;
				LD_RUNPATH_SEARCH_PATHS = (
					"$(inherited)",
					"@executable_path/Frameworks",
				);
				MARKETING_VERSION = 0.1.0;
				PRODUCT_BUNDLE_IDENTIFIER = tech.synnapse.ios;
				SDKROOT = iphoneos;
				SWIFT_STRICT_CONCURRENCY = complete;
				SWIFT_VERSION = 6.0;
				TARGETED_DEVICE_FAMILY = "1,2";
			};
			name = Release;
		};
		1D1CF8F7CAB13005B8F12E2F /* Release */ = {
			isa = XCBuildConfiguration;
			buildSettings = {
				ASSETCATALOG_COMPILER_APPICON_NAME = AppIcon;
				CODE_SIGN_ENTITLEMENTS = "apps/Synnapse-macOS/Synnapse-macOS.entitlements";
				CODE_SIGN_STYLE = Automatic;
				COMBINE_HIDPI_IMAGES = YES;
				CURRENT_PROJECT_VERSION = 1;
				DEVELOPMENT_TEAM = WCGJPF9TWU;
				ENABLE_HARDENED_RUNTIME = YES;
				GENERATE_INFOPLIST_FILE = YES;
				INFOPLIST_KEY_CFBundleDisplayName = Synapse;
				INFOPLIST_KEY_CFBundleName = Synapse;
				INFOPLIST_KEY_ITSAppUsesNonExemptEncryption = NO;
				INFOPLIST_KEY_LSApplicationCategoryType = "public.app-category.finance";
				INFOPLIST_KEY_NSFaceIDUsageDescription = "Synapse uses Touch ID to unlock your financial data so only you can see it.";
				INFOPLIST_KEY_NSHumanReadableCopyright = "(c) 2026 Antonio Mastropaolo";
				LD_RUNPATH_SEARCH_PATHS = (
					"$(inherited)",
					"@executable_path/../Frameworks",
				);
				MACOSX_DEPLOYMENT_TARGET = 14.0;
				MARKETING_VERSION = 0.1.0;
				PRODUCT_BUNDLE_IDENTIFIER = tech.synnapse.mac;
				SDKROOT = macosx;
				SWIFT_STRICT_CONCURRENCY = complete;
				SWIFT_VERSION = 6.0;
			};
			name = Release;
		};
		7A53DC65EAD9E96759FE0C84 /* Release */ = {
			isa = XCBuildConfiguration;
			buildSettings = {
				ALWAYS_SEARCH_USER_PATHS = NO;
				CLANG_ANALYZER_NONNULL = YES;
				CLANG_ANALYZER_NUMBER_OBJECT_CONVERSION = YES_AGGRESSIVE;
				CLANG_CXX_LANGUAGE_STANDARD = "gnu++14";
				CLANG_CXX_LIBRARY = "libc++";
				CLANG_ENABLE_MODULES = YES;
				CLANG_ENABLE_OBJC_ARC = YES;
				CLANG_ENABLE_OBJC_WEAK = YES;
				CLANG_WARN_BLOCK_CAPTURE_AUTORELEASING = YES;
				CLANG_WARN_BOOL_CONVERSION = YES;
				CLANG_WARN_COMMA = YES;
				CLANG_WARN_CONSTANT_CONVERSION = YES;
				CLANG_WARN_DEPRECATED_OBJC_IMPLEMENTATIONS = YES;
				CLANG_WARN_DIRECT_OBJC_ISA_USAGE = YES_ERROR;
				CLANG_WARN_DOCUMENTATION_COMMENTS = YES;
				CLANG_WARN_EMPTY_BODY = YES;
				CLANG_WARN_ENUM_CONVERSION = YES;
				CLANG_WARN_INFINITE_RECURSION = YES;
				CLANG_WARN_INT_CONVERSION = YES;
				CLANG_WARN_NON_LITERAL_NULL_CONVERSION = YES;
				CLANG_WARN_OBJC_IMPLICIT_RETAIN_SELF = YES;
				CLANG_WARN_OBJC_LITERAL_CONVERSION = YES;
				CLANG_WARN_OBJC_ROOT_CLASS = YES_ERROR;
				CLANG_WARN_QUOTED_INCLUDE_IN_FRAMEWORK_HEADER = YES;
				CLANG_WARN_RANGE_LOOP_ANALYSIS = YES;
				CLANG_WARN_STRICT_PROTOTYPES = YES;
				CLANG_WARN_SUSPICIOUS_MOVE = YES;
				CLANG_WARN_UNGUARDED_AVAILABILITY = YES_AGGRESSIVE;
				CLANG_WARN_UNREACHABLE_CODE = YES;
				CLANG_WARN__DUPLICATE_METHOD_MATCH = YES;
				COPY_PHASE_STRIP = NO;
				DEBUG_INFORMATION_FORMAT = "dwarf-with-dsym";
				ENABLE_NS_ASSERTIONS = NO;
				ENABLE_STRICT_OBJC_MSGSEND = YES;
				GCC_C_LANGUAGE_STANDARD = gnu11;
				GCC_NO_COMMON_BLOCKS = YES;
				GCC_WARN_64_TO_32_BIT_CONVERSION = YES;
				GCC_WARN_ABOUT_RETURN_TYPE = YES_ERROR;
				GCC_WARN_UNDECLARED_SELECTOR = YES;
				GCC_WARN_UNINITIALIZED_AUTOS = YES_AGGRESSIVE;
				GCC_WARN_UNUSED_FUNCTION = YES;
				GCC_WARN_UNUSED_VARIABLE = YES;
				IPHONEOS_DEPLOYMENT_TARGET = 17.0;
				MACOSX_DEPLOYMENT_TARGET = 14.0;
				MTL_ENABLE_DEBUG_INFO = NO;
				MTL_FAST_MATH = YES;
				PRODUCT_NAME = "$(TARGET_NAME)";
				SWIFT_COMPILATION_MODE = wholemodule;
				SWIFT_OPTIMIZATION_LEVEL = "-O";
				SWIFT_VERSION = 5.0;
			};
			name = Release;
		};
		82F8C427A425B4F466754F5A /* Debug */ = {
			isa = XCBuildConfiguration;
			buildSettings = {
				ASSETCATALOG_COMPILER_APPICON_NAME = AppIcon;
				CODE_SIGN_ENTITLEMENTS = "apps/Synnapse-iOS/Synnapse-iOS.entitlements";
				CODE_SIGN_IDENTITY = "iPhone Developer";
				CODE_SIGN_STYLE = Automatic;
				CURRENT_PROJECT_VERSION = 1;
				DEVELOPMENT_TEAM = WCGJPF9TWU;
				INFOPLIST_FILE = "apps/Synnapse-iOS/Info.plist";
				INFOPLIST_KEY_CFBundleDisplayName = Synapse;
				INFOPLIST_KEY_CFBundleName = Synapse;
				INFOPLIST_KEY_NSHumanReadableCopyright = "(c) 2026 Antonio Mastropaolo";
				INFOPLIST_KEY_UIRequiresFullScreen = NO;
				IPHONEOS_DEPLOYMENT_TARGET = 17.0;
				LD_RUNPATH_SEARCH_PATHS = (
					"$(inherited)",
					"@executable_path/Frameworks",
				);
				MARKETING_VERSION = 0.1.0;
				PRODUCT_BUNDLE_IDENTIFIER = tech.synnapse.ios;
				SDKROOT = iphoneos;
				SWIFT_STRICT_CONCURRENCY = complete;
				SWIFT_VERSION = 6.0;
				TARGETED_DEVICE_FAMILY = "1,2";
			};
			name = Debug;
		};
		A6792048C08238378AF62CE5 /* Debug */ = {
			isa = XCBuildConfiguration;
			buildSettings = {
				ALWAYS_SEARCH_USER_PATHS = NO;
				CLANG_ANALYZER_NONNULL = YES;
				CLANG_ANALYZER_NUMBER_OBJECT_CONVERSION = YES_AGGRESSIVE;
				CLANG_CXX_LANGUAGE_STANDARD = "gnu++14";
				CLANG_CXX_LIBRARY = "libc++";
				CLANG_ENABLE_MODULES = YES;
				CLANG_ENABLE_OBJC_ARC = YES;
				CLANG_ENABLE_OBJC_WEAK = YES;
				CLANG_WARN_BLOCK_CAPTURE_AUTORELEASING = YES;
				CLANG_WARN_BOOL_CONVERSION = YES;
				CLANG_WARN_COMMA = YES;
				CLANG_WARN_CONSTANT_CONVERSION = YES;
				CLANG_WARN_DEPRECATED_OBJC_IMPLEMENTATIONS = YES;
				CLANG_WARN_DIRECT_OBJC_ISA_USAGE = YES_ERROR;
				CLANG_WARN_DOCUMENTATION_COMMENTS = YES;
				CLANG_WARN_EMPTY_BODY = YES;
				CLANG_WARN_ENUM_CONVERSION = YES;
				CLANG_WARN_INFINITE_RECURSION = YES;
				CLANG_WARN_INT_CONVERSION = YES;
				CLANG_WARN_NON_LITERAL_NULL_CONVERSION = YES;
				CLANG_WARN_OBJC_IMPLICIT_RETAIN_SELF = YES;
				CLANG_WARN_OBJC_LITERAL_CONVERSION = YES;
				CLANG_WARN_OBJC_ROOT_CLASS = YES_ERROR;
				CLANG_WARN_QUOTED_INCLUDE_IN_FRAMEWORK_HEADER = YES;
				CLANG_WARN_RANGE_LOOP_ANALYSIS = YES;
				CLANG_WARN_STRICT_PROTOTYPES = YES;
				CLANG_WARN_SUSPICIOUS_MOVE = YES;
				CLANG_WARN_UNGUARDED_AVAILABILITY = YES_AGGRESSIVE;
				CLANG_WARN_UNREACHABLE_CODE = YES;
				CLANG_WARN__DUPLICATE_METHOD_MATCH = YES;
				COPY_PHASE_STRIP = NO;
				DEBUG_INFORMATION_FORMAT = dwarf;
				ENABLE_STRICT_OBJC_MSGSEND = YES;
				ENABLE_TESTABILITY = YES;
				GCC_C_LANGUAGE_STANDARD = gnu11;
				GCC_DYNAMIC_NO_PIC = NO;
				GCC_NO_COMMON_BLOCKS = YES;
				GCC_OPTIMIZATION_LEVEL = 0;
				GCC_PREPROCESSOR_DEFINITIONS = (
					"$(inherited)",
					"DEBUG=1",
				);
				GCC_WARN_64_TO_32_BIT_CONVERSION = YES;
				GCC_WARN_ABOUT_RETURN_TYPE = YES_ERROR;
				GCC_WARN_UNDECLARED_SELECTOR = YES;
				GCC_WARN_UNINITIALIZED_AUTOS = YES_AGGRESSIVE;
				GCC_WARN_UNUSED_FUNCTION = YES;
				GCC_WARN_UNUSED_VARIABLE = YES;
				IPHONEOS_DEPLOYMENT_TARGET = 17.0;
				MACOSX_DEPLOYMENT_TARGET = 14.0;
				MTL_ENABLE_DEBUG_INFO = INCLUDE_SOURCE;
				MTL_FAST_MATH = YES;
				ONLY_ACTIVE_ARCH = YES;
				PRODUCT_NAME = "$(TARGET_NAME)";
				SWIFT_ACTIVE_COMPILATION_CONDITIONS = DEBUG;
				SWIFT_OPTIMIZATION_LEVEL = "-Onone";
				SWIFT_VERSION = 5.0;
			};
			name = Debug;
		};
/* End XCBuildConfiguration section */

/* Begin XCConfigurationList section */
		1209E80289E95EA781F6EC78 /* Build configuration list for PBXNativeTarget "SynnapseMac" */ = {
			isa = XCConfigurationList;
			buildConfigurations = (
				04BBF5270BE6EA393564E48C /* Debug */,
				1D1CF8F7CAB13005B8F12E2F /* Release */,
			);
			defaultConfigurationIsVisible = 0;
			defaultConfigurationName = Debug;
		};
		A2BADE9B14D83237E5E4C04D /* Build configuration list for PBXProject "Synnapse" */ = {
			isa = XCConfigurationList;
			buildConfigurations = (
				A6792048C08238378AF62CE5 /* Debug */,
				7A53DC65EAD9E96759FE0C84 /* Release */,
			);
			defaultConfigurationIsVisible = 0;
			defaultConfigurationName = Debug;
		};
		D6BB2C4CF499FDC7DA34EC64 /* Build configuration list for PBXNativeTarget "SynnapseiOS" */ = {
			isa = XCConfigurationList;
			buildConfigurations = (
				82F8C427A425B4F466754F5A /* Debug */,
				0810B7098565B3596B631B9A /* Release */,
			);
			defaultConfigurationIsVisible = 0;
			defaultConfigurationName = Debug;
		};
/* End XCConfigurationList section */

/* Begin XCLocalSwiftPackageReference section */
		D42487F0035A9B02FBAF6E83 /* XCLocalSwiftPackageReference "packages/SynnapseKit" */ = {
			isa = XCLocalSwiftPackageReference;
			relativePath = packages/SynnapseKit;
		};
/* End XCLocalSwiftPackageReference section */

/* Begin XCSwiftPackageProductDependency section */
		343FF56D1BB189812BCE6570 /* Features */ = {
			isa = XCSwiftPackageProductDependency;
			productName = Features;
		};
		48324105834888F6612D76C9 /* Auth */ = {
			isa = XCSwiftPackageProductDependency;
			productName = Auth;
		};
		60A84DD6EADA5FBDC5411AD1 /* DesignSystem */ = {
			isa = XCSwiftPackageProductDependency;
			productName = DesignSystem;
		};
		8344322764BA889BBAFC6EB0 /* Models */ = {
			isa = XCSwiftPackageProductDependency;
			productName = Models;
		};
		93937D43A0DE861B9979ED99 /* Models */ = {
			isa = XCSwiftPackageProductDependency;
			productName = Models;
		};
		99ACCA75E0D9F3EF3BEE3FE3 /* Persistence */ = {
			isa = XCSwiftPackageProductDependency;
			productName = Persistence;
		};
		9E868C2E613FBCA741EF4327 /* Persistence */ = {
			isa = XCSwiftPackageProductDependency;
			productName = Persistence;
		};
		B18721D683FD5D14EE68C5F6 /* AppLifecycle */ = {
			isa = XCSwiftPackageProductDependency;
			productName = AppLifecycle;
		};
		C51E21B9EC2D095EA6F051F4 /* Networking */ = {
			isa = XCSwiftPackageProductDependency;
			productName = Networking;
		};
		D0E9269EA55640ACE5A0B707 /* Networking */ = {
			isa = XCSwiftPackageProductDependency;
			productName = Networking;
		};
		D63ADC8599C9925F115635D3 /* Auth */ = {
			isa = XCSwiftPackageProductDependency;
			productName = Auth;
		};
		DE00E3985CE8BFC656951EE0 /* AppLifecycle */ = {
			isa = XCSwiftPackageProductDependency;
			productName = AppLifecycle;
		};
		F0A6E6DBC7123167E6DB1839 /* DesignSystem */ = {
			isa = XCSwiftPackageProductDependency;
			productName = DesignSystem;
		};
		FDFB0E9C09FBD7AD0864BB18 /* Features */ = {
			isa = XCSwiftPackageProductDependency;
			productName = Features;
		};
/* End XCSwiftPackageProductDependency section */
	};
	rootObject = 29BB8A9A443F8B26D7635DCC /* Project object */;
}
